
Microsoft Visual Studio Solution File, Format Version 12.00
# Visual Studio Version 16
VisualStudioVersion = 16.0.32602.291
MinimumVisualStudioVersion = 10.0.40219.1
Project("{9A19103F-16F7-4668-BE54-9A1E7A4F7556}") = "AdminisEmpleados", "AdminisEmpleados.csproj", "{3F944FC0-20D5-4786-BCD4-B8217679E2FA}"
EndProject
Project("{FAE04EC0-301F-11D3-BF4B-00C04F79EFBC}") = "AdminisEmpleados.Modelos", "..\AdminisEmpleados.Modelos\AdminisEmpleados.Modelos.csproj", "{4DBF7487-F51D-4FFF-8B92-B5AAC0FA8154}"
EndProject
Project("{FAE04EC0-301F-11D3-BF4B-00C04F79EFBC}") = "AdminisEmpleados.Servicios", "..\AdminisEmpleados.Servicios\AdminisEmpleados.Servicios.csproj", "{6D874883-505D-44C8-8C7F-779B6755B3B4}"
EndProject
Global
	GlobalSection(SolutionConfigurationPlatforms) = preSolution
		Debug|Any CPU = Debug|Any CPU
		Release|Any CPU = Release|Any CPU
	EndGlobalSection
	GlobalSection(ProjectConfigurationPlatforms) = postSolution
		{3F944FC0-20D5-4786-BCD4-B8217679E2FA}.Debug|Any CPU.ActiveCfg = Debug|Any CPU
		{3F944FC0-20D5-4786-BCD4-B8217679E2FA}.Debug|Any CPU.Build.0 = Debug|Any CPU
		{3F944FC0-20D5-4786-BCD4-B8217679E2FA}.Release|Any CPU.ActiveCfg = Release|Any CPU
		{3F944FC0-20D5-4786-BCD4-B8217679E2FA}.Release|Any CPU.Build.0 = Release|Any CPU
		{4DBF7487-F51D-4FFF-8B92-B5AAC0FA8154}.Debug|Any CPU.ActiveCfg = Debug|Any CPU
		{4DBF7487-F51D-4FFF-8B92-B5AAC0FA8154}.Debug|Any CPU.Build.0 = Debug|Any CPU
		{4DBF7487-F51D-4FFF-8B92-B5AAC0FA8154}.Release|Any CPU.ActiveCfg = Release|Any CPU
		{4DBF7487-F51D-4FFF-8B92-B5AAC0FA8154}.Release|Any CPU.Build.0 = Release|Any CPU
		{6D874883-505D-44C8-8C7F-779B6755B3B4}.Debug|Any CPU.ActiveCfg = Debug|Any CPU
		{6D874883-505D-44C8-8C7F-779B6755B3B4}.Debug|Any CPU.Build.0 = Debug|Any CPU
		{6D874883-505D-44C8-8C7F-779B6755B3B4}.Release|Any CPU.ActiveCfg = Release|Any CPU
		{6D874883-505D-44C8-8C7F-779B6755B3B4}.Release|Any CPU.Build.0 = Release|Any CPU
	EndGlobalSection
	GlobalSection(SolutionProperties) = preSolution
		HideSolutionNode = FALSE
	EndGlobalSection
	GlobalSection(ExtensibilityGlobals) = postSolution
		SolutionGuid = {BD45A0D4-3765-47E2-AEAA-59C35B91C68F}
	EndGlobalSection
EndGlobal
